
Microsoft Visual Studio Solution File, Format Version 12.00
# Visual Studio Version 16
VisualStudioVersion = 16.0.30804.86
MinimumVisualStudioVersion = 10.0.40219.1
Project("{FAE04EC0-301F-11D3-BF4B-00C04F79EFBC}") = "Entities", "Entities\Entities.csproj", "{C2F17DC1-6A7D-4528-960F-AAB746C3A46B}"
EndProject
Project("{FAE04EC0-301F-11D3-BF4B-00C04F79EFBC}") = "DataAccess", "DataAccess\DataAccess.csproj", "{FD00D9FC-2058-4F86-809F-908B742DAE50}"
EndProject
Project("{FAE04EC0-301F-11D3-BF4B-00C04F79EFBC}") = "Business", "Business\Business.csproj", "{7C1D35FB-25FC-401A-AA01-9809A087AD34}"
EndProject
Project("{FAE04EC0-301F-11D3-BF4B-00C04F79EFBC}") = "ConsoleUI", "ConsoleUI\ConsoleUI.csproj", "{48B39490-F28E-4137-AB08-DBBCABFF2B4C}"
EndProject
Global
	GlobalSection(SolutionConfigurationPlatforms) = preSolution
		Debug|Any CPU = Debug|Any CPU
		Release|Any CPU = Release|Any CPU
	EndGlobalSection
	GlobalSection(ProjectConfigurationPlatforms) = postSolution
		{C2F17DC1-6A7D-4528-960F-AAB746C3A46B}.Debug|Any CPU.ActiveCfg = Debug|Any CPU
		{C2F17DC1-6A7D-4528-960F-AAB746C3A46B}.Debug|Any CPU.Build.0 = Debug|Any CPU
		{C2F17DC1-6A7D-4528-960F-AAB746C3A46B}.Release|Any CPU.ActiveCfg = Release|Any CPU
		{C2F17DC1-6A7D-4528-960F-AAB746C3A46B}.Release|Any CPU.Build.0 = Release|Any CPU
		{FD00D9FC-2058-4F86-809F-908B742DAE50}.Debug|Any CPU.ActiveCfg = Debug|Any CPU
		{FD00D9FC-2058-4F86-809F-908B742DAE50}.Debug|Any CPU.Build.0 = Debug|Any CPU
		{FD00D9FC-2058-4F86-809F-908B742DAE50}.Release|Any CPU.ActiveCfg = Release|Any CPU
		{FD00D9FC-2058-4F86-809F-908B742DAE50}.Release|Any CPU.Build.0 = Release|Any CPU
		{7C1D35FB-25FC-401A-AA01-9809A087AD34}.Debug|Any CPU.ActiveCfg = Debug|Any CPU
		{7C1D35FB-25FC-401A-AA01-9809A087AD34}.Debug|Any CPU.Build.0 = Debug|Any CPU
		{7C1D35FB-25FC-401A-AA01-9809A087AD34}.Release|Any CPU.ActiveCfg = Release|Any CPU
		{7C1D35FB-25FC-401A-AA01-9809A087AD34}.Release|Any CPU.Build.0 = Release|Any CPU
		{48B39490-F28E-4137-AB08-DBBCABFF2B4C}.Debug|Any CPU.ActiveCfg = Debug|Any CPU
		{48B39490-F28E-4137-AB08-DBBCABFF2B4C}.Debug|Any CPU.Build.0 = Debug|Any CPU
		{48B39490-F28E-4137-AB08-DBBCABFF2B4C}.Release|Any CPU.ActiveCfg = Release|Any CPU
		{48B39490-F28E-4137-AB08-DBBCABFF2B4C}.Release|Any CPU.Build.0 = Release|Any CPU
	EndGlobalSection
	GlobalSection(SolutionProperties) = preSolution
		HideSolutionNode = FALSE
	EndGlobalSection
	GlobalSection(ExtensibilityGlobals) = postSolution
		SolutionGuid = {732ECF14-7D6C-41AE-807D-C62C81152816}
	EndGlobalSection
EndGlobal
